
Microsoft Visual Studio Solution File, Format Version 12.00
# Visual Studio Version 17
VisualStudioVersion = 17.0.31903.59
MinimumVisualStudioVersion = 10.0.40219.1
Project("{FAE04EC0-301F-11D3-BF4B-00C04F79EFBC}") = "Boyke_Moostash_Api", "Boyke.Moostash.Api\Boyke_Moostash_Api.csproj", "{03352EF1-EF53-4E5D-B195-20E984B886BC}"
EndProject
Project("{FAE04EC0-301F-11D3-BF4B-00C04F79EFBC}") = "Boyke.Moostash.Client", "Boyke.Moostash.Client\Boyke.Moostash.Client.csproj", "{0B0C107D-9822-493B-8FD7-13BBA84514DC}"
EndProject
Global
	GlobalSection(SolutionConfigurationPlatforms) = preSolution
		Debug|Any CPU = Debug|Any CPU
		Release|Any CPU = Release|Any CPU
	EndGlobalSection
	GlobalSection(SolutionProperties) = preSolution
		HideSolutionNode = FALSE
	EndGlobalSection
	GlobalSection(ProjectConfigurationPlatforms) = postSolution
		{03352EF1-EF53-4E5D-B195-20E984B886BC}.Debug|Any CPU.ActiveCfg = Debug|Any CPU
		{03352EF1-EF53-4E5D-B195-20E984B886BC}.Debug|Any CPU.Build.0 = Debug|Any CPU
		{03352EF1-EF53-4E5D-B195-20E984B886BC}.Release|Any CPU.ActiveCfg = Release|Any CPU
		{03352EF1-EF53-4E5D-B195-20E984B886BC}.Release|Any CPU.Build.0 = Release|Any CPU
		{0B0C107D-9822-493B-8FD7-13BBA84514DC}.Debug|Any CPU.ActiveCfg = Debug|Any CPU
		{0B0C107D-9822-493B-8FD7-13BBA84514DC}.Debug|Any CPU.Build.0 = Debug|Any CPU
		{0B0C107D-9822-493B-8FD7-13BBA84514DC}.Release|Any CPU.ActiveCfg = Release|Any CPU
		{0B0C107D-9822-493B-8FD7-13BBA84514DC}.Release|Any CPU.Build.0 = Release|Any CPU
	EndGlobalSection
EndGlobal
